
Microsoft Visual Studio Solution File, Format Version 12.00
# Visual Studio Version 16
VisualStudioVersion = 16.0.31229.75
MinimumVisualStudioVersion = 10.0.40219.1
Project("{FAE04EC0-301F-11D3-BF4B-00C04F79EFBC}") = "MovieShop.MVC", "MovieShop.MVC\MovieShop.MVC.csproj", "{702606C6-A960-4B6C-B393-9AD35575D8CF}"
EndProject
Project("{FAE04EC0-301F-11D3-BF4B-00C04F79EFBC}") = "MovieShip.API", "MovieShip.API\MovieShip.API.csproj", "{9E69ED88-78A8-4354-8F62-77E1DFF1A05F}"
EndProject
Project("{FAE04EC0-301F-11D3-BF4B-00C04F79EFBC}") = "ApplicationCore", "ApplicationCore\ApplicationCore.csproj", "{3B149475-62E8-443F-94D3-96C381793329}"
EndProject
Project("{FAE04EC0-301F-11D3-BF4B-00C04F79EFBC}") = "Infrastructure", "Infrastructure\Infrastructure.csproj", "{D4CA296F-1A42-4B59-9ACE-1DBAE4B90AD7}"
EndProject
Global
	GlobalSection(SolutionConfigurationPlatforms) = preSolution
		Debug|Any CPU = Debug|Any CPU
		Release|Any CPU = Release|Any CPU
	EndGlobalSection
	GlobalSection(ProjectConfigurationPlatforms) = postSolution
		{702606C6-A960-4B6C-B393-9AD35575D8CF}.Debug|Any CPU.ActiveCfg = Debug|Any CPU
		{702606C6-A960-4B6C-B393-9AD35575D8CF}.Debug|Any CPU.Build.0 = Debug|Any CPU
		{702606C6-A960-4B6C-B393-9AD35575D8CF}.Release|Any CPU.ActiveCfg = Release|Any CPU
		{702606C6-A960-4B6C-B393-9AD35575D8CF}.Release|Any CPU.Build.0 = Release|Any CPU
		{9E69ED88-78A8-4354-8F62-77E1DFF1A05F}.Debug|Any CPU.ActiveCfg = Debug|Any CPU
		{9E69ED88-78A8-4354-8F62-77E1DFF1A05F}.Debug|Any CPU.Build.0 = Debug|Any CPU
		{9E69ED88-78A8-4354-8F62-77E1DFF1A05F}.Release|Any CPU.ActiveCfg = Release|Any CPU
		{9E69ED88-78A8-4354-8F62-77E1DFF1A05F}.Release|Any CPU.Build.0 = Release|Any CPU
		{3B149475-62E8-443F-94D3-96C381793329}.Debug|Any CPU.ActiveCfg = Debug|Any CPU
		{3B149475-62E8-443F-94D3-96C381793329}.Debug|Any CPU.Build.0 = Debug|Any CPU
		{3B149475-62E8-443F-94D3-96C381793329}.Release|Any CPU.ActiveCfg = Release|Any CPU
		{3B149475-62E8-443F-94D3-96C381793329}.Release|Any CPU.Build.0 = Release|Any CPU
		{D4CA296F-1A42-4B59-9ACE-1DBAE4B90AD7}.Debug|Any CPU.ActiveCfg = Debug|Any CPU
		{D4CA296F-1A42-4B59-9ACE-1DBAE4B90AD7}.Debug|Any CPU.Build.0 = Debug|Any CPU
		{D4CA296F-1A42-4B59-9ACE-1DBAE4B90AD7}.Release|Any CPU.ActiveCfg = Release|Any CPU
		{D4CA296F-1A42-4B59-9ACE-1DBAE4B90AD7}.Release|Any CPU.Build.0 = Release|Any CPU
	EndGlobalSection
	GlobalSection(SolutionProperties) = preSolution
		HideSolutionNode = FALSE
	EndGlobalSection
	GlobalSection(ExtensibilityGlobals) = postSolution
		SolutionGuid = {2C159CFD-6BD4-4CEB-9F5E-3F4661DFE114}
	EndGlobalSection
EndGlobal
