
Microsoft Visual Studio Solution File, Format Version 12.00
# Visual Studio Version 16
VisualStudioVersion = 16.0.31229.75
MinimumVisualStudioVersion = 10.0.40219.1
Project("{9A19103F-16F7-4668-BE54-9A1E7A4F7556}") = "NewLanguageFeatures", "NewLanguageFeatures\NewLanguageFeatures.csproj", "{2C3296BD-D90E-4449-8291-85EAF5104072}"
EndProject
Project("{9A19103F-16F7-4668-BE54-9A1E7A4F7556}") = "Exercise6", "Exercise6\Exercise6.csproj", "{C55D65DF-E0F8-4FB0-9AE2-4F90684EA39B}"
EndProject
Project("{FAE04EC0-301F-11D3-BF4B-00C04F79EFBC}") = "Exercise7", "Exercise7\Exercise7.csproj", "{202EDBA9-40EE-4E8A-961C-E79BECFF5C52}"
EndProject
Global
	GlobalSection(SolutionConfigurationPlatforms) = preSolution
		Debug|Any CPU = Debug|Any CPU
		Release|Any CPU = Release|Any CPU
	EndGlobalSection
	GlobalSection(ProjectConfigurationPlatforms) = postSolution
		{2C3296BD-D90E-4449-8291-85EAF5104072}.Debug|Any CPU.ActiveCfg = Debug|Any CPU
		{2C3296BD-D90E-4449-8291-85EAF5104072}.Debug|Any CPU.Build.0 = Debug|Any CPU
		{2C3296BD-D90E-4449-8291-85EAF5104072}.Release|Any CPU.ActiveCfg = Release|Any CPU
		{2C3296BD-D90E-4449-8291-85EAF5104072}.Release|Any CPU.Build.0 = Release|Any CPU
		{C55D65DF-E0F8-4FB0-9AE2-4F90684EA39B}.Debug|Any CPU.ActiveCfg = Debug|Any CPU
		{C55D65DF-E0F8-4FB0-9AE2-4F90684EA39B}.Debug|Any CPU.Build.0 = Debug|Any CPU
		{C55D65DF-E0F8-4FB0-9AE2-4F90684EA39B}.Release|Any CPU.ActiveCfg = Release|Any CPU
		{C55D65DF-E0F8-4FB0-9AE2-4F90684EA39B}.Release|Any CPU.Build.0 = Release|Any CPU
		{202EDBA9-40EE-4E8A-961C-E79BECFF5C52}.Debug|Any CPU.ActiveCfg = Debug|Any CPU
		{202EDBA9-40EE-4E8A-961C-E79BECFF5C52}.Debug|Any CPU.Build.0 = Debug|Any CPU
		{202EDBA9-40EE-4E8A-961C-E79BECFF5C52}.Release|Any CPU.ActiveCfg = Release|Any CPU
		{202EDBA9-40EE-4E8A-961C-E79BECFF5C52}.Release|Any CPU.Build.0 = Release|Any CPU
	EndGlobalSection
	GlobalSection(SolutionProperties) = preSolution
		HideSolutionNode = FALSE
	EndGlobalSection
	GlobalSection(ExtensibilityGlobals) = postSolution
		SolutionGuid = {051CE1AA-DEB3-4962-8B34-F950B5B10424}
	EndGlobalSection
EndGlobal
